
Microsoft Visual Studio Solution File, Format Version 12.00
# Visual Studio Version 16
VisualStudioVersion = 16.0.31624.102
MinimumVisualStudioVersion = 10.0.40219.1
Project("{FAE04EC0-301F-11D3-BF4B-00C04F79EFBC}") = "Kolesnikov_7_3sredniy", "Kolesnikov_7_3sredniy\Kolesnikov_7_3sredniy.csproj", "{9B3267F5-97CD-42E2-A12B-CEA2660DE2CA}"
EndProject
Global
	GlobalSection(SolutionConfigurationPlatforms) = preSolution
		Debug|Any CPU = Debug|Any CPU
		Release|Any CPU = Release|Any CPU
	EndGlobalSection
	GlobalSection(ProjectConfigurationPlatforms) = postSolution
		{9B3267F5-97CD-42E2-A12B-CEA2660DE2CA}.Debug|Any CPU.ActiveCfg = Debug|Any CPU
		{9B3267F5-97CD-42E2-A12B-CEA2660DE2CA}.Debug|Any CPU.Build.0 = Debug|Any CPU
		{9B3267F5-97CD-42E2-A12B-CEA2660DE2CA}.Release|Any CPU.ActiveCfg = Release|Any CPU
		{9B3267F5-97CD-42E2-A12B-CEA2660DE2CA}.Release|Any CPU.Build.0 = Release|Any CPU
	EndGlobalSection
	GlobalSection(SolutionProperties) = preSolution
		HideSolutionNode = FALSE
	EndGlobalSection
	GlobalSection(ExtensibilityGlobals) = postSolution
		SolutionGuid = {958D3A3E-DCAC-4809-87AD-56AD2ABD23BB}
	EndGlobalSection
EndGlobal
